// !$*UTF8*$!
{
	archiveVersion = 1;
	classes = {
	};
	objectVersion = 50;
	objects = {

/* Begin PBXBuildFile section */
		3820583122269144007CF57F /* NetworkServiceManager.swift in Sources */ = {isa = PBXBuildFile; fileRef = 3820583022269144007CF57F /* NetworkServiceManager.swift */; };
		382058342226A389007CF57F /* Constants.swift in Sources */ = {isa = PBXBuildFile; fileRef = 382058332226A389007CF57F /* Constants.swift */; };
		383412A622253F5F0088F118 /* AppDelegate.swift in Sources */ = {isa = PBXBuildFile; fileRef = 383412A522253F5F0088F118 /* AppDelegate.swift */; };
		383412A822253F5F0088F118 /* ViewController.swift in Sources */ = {isa = PBXBuildFile; fileRef = 383412A722253F5F0088F118 /* ViewController.swift */; };
		383412AB22253F5F0088F118 /* Main.storyboard in Resources */ = {isa = PBXBuildFile; fileRef = 383412A922253F5F0088F118 /* Main.storyboard */; };
		383412AE22253F5F0088F118 /* MovieBuzz.xcdatamodeld in Sources */ = {isa = PBXBuildFile; fileRef = 383412AC22253F5F0088F118 /* MovieBuzz.xcdatamodeld */; };
		383412B022253F600088F118 /* Assets.xcassets in Resources */ = {isa = PBXBuildFile; fileRef = 383412AF22253F600088F118 /* Assets.xcassets */; };
		383412B322253F600088F118 /* LaunchScreen.storyboard in Resources */ = {isa = PBXBuildFile; fileRef = 383412B122253F600088F118 /* LaunchScreen.storyboard */; };
		383412BE22253F600088F118 /* MovieBuzzTests.swift in Sources */ = {isa = PBXBuildFile; fileRef = 383412BD22253F600088F118 /* MovieBuzzTests.swift */; };
		383412C922253F600088F118 /* MovieBuzzUITests.swift in Sources */ = {isa = PBXBuildFile; fileRef = 383412C822253F600088F118 /* MovieBuzzUITests.swift */; };
		383412E422255BB60088F118 /* MovieListView.swift in Sources */ = {isa = PBXBuildFile; fileRef = 383412E322255BB60088F118 /* MovieListView.swift */; };
		383412E6222560310088F118 /* Movie.swift in Sources */ = {isa = PBXBuildFile; fileRef = 383412E5222560310088F118 /* Movie.swift */; };
		383412E922256B110088F118 /* MovieListProtocols.swift in Sources */ = {isa = PBXBuildFile; fileRef = 383412E822256B110088F118 /* MovieListProtocols.swift */; };
		383412EB22257F2E0088F118 /* MovieListInteractor.swift in Sources */ = {isa = PBXBuildFile; fileRef = 383412EA22257F2E0088F118 /* MovieListInteractor.swift */; };
		383412ED22257F3C0088F118 /* MovieListPresenter.swift in Sources */ = {isa = PBXBuildFile; fileRef = 383412EC22257F3C0088F118 /* MovieListPresenter.swift */; };
		383412EF22257F510088F118 /* MovieListRouter.swift in Sources */ = {isa = PBXBuildFile; fileRef = 383412EE22257F510088F118 /* MovieListRouter.swift */; };
		386833A0222C066200B6C8A4 /* DBServiceManager.swift in Sources */ = {isa = PBXBuildFile; fileRef = 3868339F222C066200B6C8A4 /* DBServiceManager.swift */; };
		386833A8222C22B700B6C8A4 /* MovieFavoriteView.swift in Sources */ = {isa = PBXBuildFile; fileRef = 386833A7222C22B700B6C8A4 /* MovieFavoriteView.swift */; };
		386833AB222C22E000B6C8A4 /* MovieFavoriteProtocol.swift in Sources */ = {isa = PBXBuildFile; fileRef = 386833AA222C22E000B6C8A4 /* MovieFavoriteProtocol.swift */; };
		386833AD222C25B600B6C8A4 /* MovieFavoriteRouter.swift in Sources */ = {isa = PBXBuildFile; fileRef = 386833AC222C25B600B6C8A4 /* MovieFavoriteRouter.swift */; };
		386833AF222C267C00B6C8A4 /* MovieFavoritePresenter.swift in Sources */ = {isa = PBXBuildFile; fileRef = 386833AE222C267C00B6C8A4 /* MovieFavoritePresenter.swift */; };
		386833B1222C26D300B6C8A4 /* MovieFavoriteInteractor.swift in Sources */ = {isa = PBXBuildFile; fileRef = 386833B0222C26D300B6C8A4 /* MovieFavoriteInteractor.swift */; };
		38CA9AC6222958EB004EEFDC /* MovieDetailView.swift in Sources */ = {isa = PBXBuildFile; fileRef = 38CA9AC5222958EB004EEFDC /* MovieDetailView.swift */; };
		38CA9AC822296B10004EEFDC /* MovieDetailProtocols.swift in Sources */ = {isa = PBXBuildFile; fileRef = 38CA9AC722296B10004EEFDC /* MovieDetailProtocols.swift */; };
		38CA9ACB22296B6A004EEFDC /* MovieDetail.swift in Sources */ = {isa = PBXBuildFile; fileRef = 38CA9ACA22296B6A004EEFDC /* MovieDetail.swift */; };
		38CA9ACD22296B7E004EEFDC /* MovieDetailPresenter.swift in Sources */ = {isa = PBXBuildFile; fileRef = 38CA9ACC22296B7E004EEFDC /* MovieDetailPresenter.swift */; };
		38CA9ACF22296B97004EEFDC /* MovieDetailInteractor.swift in Sources */ = {isa = PBXBuildFile; fileRef = 38CA9ACE22296B97004EEFDC /* MovieDetailInteractor.swift */; };
		38CA9AD122296BCB004EEFDC /* MovieDetailRouter.swift in Sources */ = {isa = PBXBuildFile; fileRef = 38CA9AD022296BCB004EEFDC /* MovieDetailRouter.swift */; };
		38D59ED9222B08E0002F5848 /* MovieSearchView.swift in Sources */ = {isa = PBXBuildFile; fileRef = 38D59ED8222B08E0002F5848 /* MovieSearchView.swift */; };
		38D59EDF222B18F4002F5848 /* MovieSearchInteractor.swift in Sources */ = {isa = PBXBuildFile; fileRef = 38D59EDE222B18F4002F5848 /* MovieSearchInteractor.swift */; };
		38D59EE1222B190D002F5848 /* MovieSearchPresenter.swift in Sources */ = {isa = PBXBuildFile; fileRef = 38D59EE0222B190D002F5848 /* MovieSearchPresenter.swift */; };
		38D59EE4222B1A2B002F5848 /* MovieSearchProtocols.swift in Sources */ = {isa = PBXBuildFile; fileRef = 38D59EE3222B1A2B002F5848 /* MovieSearchProtocols.swift */; };
		38D59EE6222B234D002F5848 /* MovieSearchRouter.swift in Sources */ = {isa = PBXBuildFile; fileRef = 38D59EE5222B234D002F5848 /* MovieSearchRouter.swift */; };
/* End PBXBuildFile section */

/* Begin PBXContainerItemProxy section */
		383412BA22253F600088F118 /* PBXContainerItemProxy */ = {
			isa = PBXContainerItemProxy;
			containerPortal = 3834129A22253F5F0088F118 /* Project object */;
			proxyType = 1;
			remoteGlobalIDString = 383412A122253F5F0088F118;
			remoteInfo = MovieBuzz;
		};
		383412C522253F600088F118 /* PBXContainerItemProxy */ = {
			isa = PBXContainerItemProxy;
			containerPortal = 3834129A22253F5F0088F118 /* Project object */;
			proxyType = 1;
			remoteGlobalIDString = 383412A122253F5F0088F118;
			remoteInfo = MovieBuzz;
		};
/* End PBXContainerItemProxy section */

/* Begin PBXFileReference section */
		3820583022269144007CF57F /* NetworkServiceManager.swift */ = {isa = PBXFileReference; lastKnownFileType = sourcecode.swift; path = NetworkServiceManager.swift; sourceTree = "<group>"; };
		382058332226A389007CF57F /* Constants.swift */ = {isa = PBXFileReference; lastKnownFileType = sourcecode.swift; path = Constants.swift; sourceTree = "<group>"; };
		383412A222253F5F0088F118 /* MovieBuzz.app */ = {isa = PBXFileReference; explicitFileType = wrapper.application; includeInIndex = 0; path = MovieBuzz.app; sourceTree = BUILT_PRODUCTS_DIR; };
		383412A522253F5F0088F118 /* AppDelegate.swift */ = {isa = PBXFileReference; lastKnownFileType = sourcecode.swift; path = AppDelegate.swift; sourceTree = "<group>"; };
		383412A722253F5F0088F118 /* ViewController.swift */ = {isa = PBXFileReference; lastKnownFileType = sourcecode.swift; path = ViewController.swift; sourceTree = "<group>"; };
		383412AA22253F5F0088F118 /* Base */ = {isa = PBXFileReference; lastKnownFileType = file.storyboard; name = Base; path = Base.lproj/Main.storyboard; sourceTree = "<group>"; };
		383412AD22253F5F0088F118 /* MovieBuzz.xcdatamodel */ = {isa = PBXFileReference; lastKnownFileType = wrapper.xcdatamodel; path = MovieBuzz.xcdatamodel; sourceTree = "<group>"; };
		383412AF22253F600088F118 /* Assets.xcassets */ = {isa = PBXFileReference; lastKnownFileType = folder.assetcatalog; path = Assets.xcassets; sourceTree = "<group>"; };
		383412B222253F600088F118 /* Base */ = {isa = PBXFileReference; lastKnownFileType = file.storyboard; name = Base; path = Base.lproj/LaunchScreen.storyboard; sourceTree = "<group>"; };
		383412B422253F600088F118 /* Info.plist */ = {isa = PBXFileReference; lastKnownFileType = text.plist.xml; path = Info.plist; sourceTree = "<group>"; };
		383412B922253F600088F118 /* MovieBuzzTests.xctest */ = {isa = PBXFileReference; explicitFileType = wrapper.cfbundle; includeInIndex = 0; path = MovieBuzzTests.xctest; sourceTree = BUILT_PRODUCTS_DIR; };
		383412BD22253F600088F118 /* MovieBuzzTests.swift */ = {isa = PBXFileReference; lastKnownFileType = sourcecode.swift; path = MovieBuzzTests.swift; sourceTree = "<group>"; };
		383412BF22253F600088F118 /* Info.plist */ = {isa = PBXFileReference; lastKnownFileType = text.plist.xml; path = Info.plist; sourceTree = "<group>"; };
		383412C422253F600088F118 /* MovieBuzzUITests.xctest */ = {isa = PBXFileReference; explicitFileType = wrapper.cfbundle; includeInIndex = 0; path = MovieBuzzUITests.xctest; sourceTree = BUILT_PRODUCTS_DIR; };
		383412C822253F600088F118 /* MovieBuzzUITests.swift */ = {isa = PBXFileReference; lastKnownFileType = sourcecode.swift; path = MovieBuzzUITests.swift; sourceTree = "<group>"; };
		383412CA22253F600088F118 /* Info.plist */ = {isa = PBXFileReference; lastKnownFileType = text.plist.xml; path = Info.plist; sourceTree = "<group>"; };
		383412E322255BB60088F118 /* MovieListView.swift */ = {isa = PBXFileReference; lastKnownFileType = sourcecode.swift; path = MovieListView.swift; sourceTree = "<group>"; };
		383412E5222560310088F118 /* Movie.swift */ = {isa = PBXFileReference; lastKnownFileType = sourcecode.swift; path = Movie.swift; sourceTree = "<group>"; };
		383412E822256B110088F118 /* MovieListProtocols.swift */ = {isa = PBXFileReference; lastKnownFileType = sourcecode.swift; path = MovieListProtocols.swift; sourceTree = "<group>"; };
		383412EA22257F2E0088F118 /* MovieListInteractor.swift */ = {isa = PBXFileReference; lastKnownFileType = sourcecode.swift; path = MovieListInteractor.swift; sourceTree = "<group>"; };
		383412EC22257F3C0088F118 /* MovieListPresenter.swift */ = {isa = PBXFileReference; lastKnownFileType = sourcecode.swift; path = MovieListPresenter.swift; sourceTree = "<group>"; };
		383412EE22257F510088F118 /* MovieListRouter.swift */ = {isa = PBXFileReference; lastKnownFileType = sourcecode.swift; path = MovieListRouter.swift; sourceTree = "<group>"; };
		3868339F222C066200B6C8A4 /* DBServiceManager.swift */ = {isa = PBXFileReference; lastKnownFileType = sourcecode.swift; path = DBServiceManager.swift; sourceTree = "<group>"; };
		386833A7222C22B700B6C8A4 /* MovieFavoriteView.swift */ = {isa = PBXFileReference; lastKnownFileType = sourcecode.swift; path = MovieFavoriteView.swift; sourceTree = "<group>"; };
		386833AA222C22E000B6C8A4 /* MovieFavoriteProtocol.swift */ = {isa = PBXFileReference; lastKnownFileType = sourcecode.swift; path = MovieFavoriteProtocol.swift; sourceTree = "<group>"; };
		386833AC222C25B600B6C8A4 /* MovieFavoriteRouter.swift */ = {isa = PBXFileReference; lastKnownFileType = sourcecode.swift; path = MovieFavoriteRouter.swift; sourceTree = "<group>"; };
		386833AE222C267C00B6C8A4 /* MovieFavoritePresenter.swift */ = {isa = PBXFileReference; lastKnownFileType = sourcecode.swift; path = MovieFavoritePresenter.swift; sourceTree = "<group>"; };
		386833B0222C26D300B6C8A4 /* MovieFavoriteInteractor.swift */ = {isa = PBXFileReference; lastKnownFileType = sourcecode.swift; path = MovieFavoriteInteractor.swift; sourceTree = "<group>"; };
		38CA9AC5222958EB004EEFDC /* MovieDetailView.swift */ = {isa = PBXFileReference; lastKnownFileType = sourcecode.swift; path = MovieDetailView.swift; sourceTree = "<group>"; };
		38CA9AC722296B10004EEFDC /* MovieDetailProtocols.swift */ = {isa = PBXFileReference; lastKnownFileType = sourcecode.swift; path = MovieDetailProtocols.swift; sourceTree = "<group>"; };
		38CA9ACA22296B6A004EEFDC /* MovieDetail.swift */ = {isa = PBXFileReference; lastKnownFileType = sourcecode.swift; path = MovieDetail.swift; sourceTree = "<group>"; };
		38CA9ACC22296B7E004EEFDC /* MovieDetailPresenter.swift */ = {isa = PBXFileReference; lastKnownFileType = sourcecode.swift; path = MovieDetailPresenter.swift; sourceTree = "<group>"; };
		38CA9ACE22296B97004EEFDC /* MovieDetailInteractor.swift */ = {isa = PBXFileReference; lastKnownFileType = sourcecode.swift; path = MovieDetailInteractor.swift; sourceTree = "<group>"; };
		38CA9AD022296BCB004EEFDC /* MovieDetailRouter.swift */ = {isa = PBXFileReference; lastKnownFileType = sourcecode.swift; path = MovieDetailRouter.swift; sourceTree = "<group>"; };
		38D59ED8222B08E0002F5848 /* MovieSearchView.swift */ = {isa = PBXFileReference; lastKnownFileType = sourcecode.swift; path = MovieSearchView.swift; sourceTree = "<group>"; };
		38D59EDE222B18F4002F5848 /* MovieSearchInteractor.swift */ = {isa = PBXFileReference; lastKnownFileType = sourcecode.swift; path = MovieSearchInteractor.swift; sourceTree = "<group>"; };
		38D59EE0222B190D002F5848 /* MovieSearchPresenter.swift */ = {isa = PBXFileReference; lastKnownFileType = sourcecode.swift; path = MovieSearchPresenter.swift; sourceTree = "<group>"; };
		38D59EE3222B1A2B002F5848 /* MovieSearchProtocols.swift */ = {isa = PBXFileReference; lastKnownFileType = sourcecode.swift; path = MovieSearchProtocols.swift; sourceTree = "<group>"; };
		38D59EE5222B234D002F5848 /* MovieSearchRouter.swift */ = {isa = PBXFileReference; lastKnownFileType = sourcecode.swift; path = MovieSearchRouter.swift; sourceTree = "<group>"; };
/* End PBXFileReference section */

/* Begin PBXFrameworksBuildPhase section */
		3834129F22253F5F0088F118 /* Frameworks */ = {
			isa = PBXFrameworksBuildPhase;
			buildActionMask = 2147483647;
			files = (
			);
			runOnlyForDeploymentPostprocessing = 0;
		};
		383412B622253F600088F118 /* Frameworks */ = {
			isa = PBXFrameworksBuildPhase;
			buildActionMask = 2147483647;
			files = (
			);
			runOnlyForDeploymentPostprocessing = 0;
		};
		383412C122253F600088F118 /* Frameworks */ = {
			isa = PBXFrameworksBuildPhase;
			buildActionMask = 2147483647;
			files = (
			);
			runOnlyForDeploymentPostprocessing = 0;
		};
/* End PBXFrameworksBuildPhase section */

/* Begin PBXGroup section */
		3820582F22269103007CF57F /* NetworkService */ = {
			isa = PBXGroup;
			children = (
				3820583022269144007CF57F /* NetworkServiceManager.swift */,
			);
			path = NetworkService;
			sourceTree = "<group>";
		};
		382058322226A375007CF57F /* Common */ = {
			isa = PBXGroup;
			children = (
				382058332226A389007CF57F /* Constants.swift */,
			);
			path = Common;
			sourceTree = "<group>";
		};
		3834129922253F5F0088F118 = {
			isa = PBXGroup;
			children = (
				383412A422253F5F0088F118 /* MovieBuzz */,
				383412BC22253F600088F118 /* MovieBuzzTests */,
				383412C722253F600088F118 /* MovieBuzzUITests */,
				383412A322253F5F0088F118 /* Products */,
			);
			sourceTree = "<group>";
		};
		383412A322253F5F0088F118 /* Products */ = {
			isa = PBXGroup;
			children = (
				383412A222253F5F0088F118 /* MovieBuzz.app */,
				383412B922253F600088F118 /* MovieBuzzTests.xctest */,
				383412C422253F600088F118 /* MovieBuzzUITests.xctest */,
			);
			name = Products;
			sourceTree = "<group>";
		};
		383412A422253F5F0088F118 /* MovieBuzz */ = {
			isa = PBXGroup;
			children = (
				3868339E222C064900B6C8A4 /* Database */,
				382058322226A375007CF57F /* Common */,
				3820582F22269103007CF57F /* NetworkService */,
				383412D6222558060088F118 /* MovieList */,
				383412D7222558100088F118 /* MovieDetail */,
				38D59ED5222B089D002F5848 /* MovieSearch */,
				386833A1222C21A100B6C8A4 /* MovieFavorite */,
				383412A522253F5F0088F118 /* AppDelegate.swift */,
				383412A722253F5F0088F118 /* ViewController.swift */,
				383412A922253F5F0088F118 /* Main.storyboard */,
				383412AF22253F600088F118 /* Assets.xcassets */,
				383412B122253F600088F118 /* LaunchScreen.storyboard */,
				383412B422253F600088F118 /* Info.plist */,
				383412AC22253F5F0088F118 /* MovieBuzz.xcdatamodeld */,
			);
			path = MovieBuzz;
			sourceTree = "<group>";
		};
		383412BC22253F600088F118 /* MovieBuzzTests */ = {
			isa = PBXGroup;
			children = (
				383412BD22253F600088F118 /* MovieBuzzTests.swift */,
				383412BF22253F600088F118 /* Info.plist */,
			);
			path = MovieBuzzTests;
			sourceTree = "<group>";
		};
		383412C722253F600088F118 /* MovieBuzzUITests */ = {
			isa = PBXGroup;
			children = (
				383412C822253F600088F118 /* MovieBuzzUITests.swift */,
				383412CA22253F600088F118 /* Info.plist */,
			);
			path = MovieBuzzUITests;
			sourceTree = "<group>";
		};
		383412D6222558060088F118 /* MovieList */ = {
			isa = PBXGroup;
			children = (
				383412E722256AE80088F118 /* Protocols */,
				383412D9222558460088F118 /* View */,
				383412DC2225586A0088F118 /* Interactor */,
				383412DA222558510088F118 /* Presenter */,
				383412DB222558590088F118 /* Entity */,
				383412DD222558780088F118 /* Router */,
			);
			path = MovieList;
			sourceTree = "<group>";
		};
		383412D7222558100088F118 /* MovieDetail */ = {
			isa = PBXGroup;
			children = (
				383412DE22255B2F0088F118 /* View */,
				383412DF22255B350088F118 /* Interactor */,
				383412E022255B4F0088F118 /* Presenter */,
				383412E122255B5D0088F118 /* Entity */,
				383412E222255B6A0088F118 /* Router */,
				38CA9AC922296B18004EEFDC /* Protocols */,
			);
			path = MovieDetail;
			sourceTree = "<group>";
		};
		383412D9222558460088F118 /* View */ = {
			isa = PBXGroup;
			children = (
				383412E322255BB60088F118 /* MovieListView.swift */,
			);
			path = View;
			sourceTree = "<group>";
		};
		383412DA222558510088F118 /* Presenter */ = {
			isa = PBXGroup;
			children = (
				383412EC22257F3C0088F118 /* MovieListPresenter.swift */,
			);
			path = Presenter;
			sourceTree = "<group>";
		};
		383412DB222558590088F118 /* Entity */ = {
			isa = PBXGroup;
			children = (
				383412E5222560310088F118 /* Movie.swift */,
			);
			path = Entity;
			sourceTree = "<group>";
		};
		383412DC2225586A0088F118 /* Interactor */ = {
			isa = PBXGroup;
			children = (
				383412EA22257F2E0088F118 /* MovieListInteractor.swift */,
			);
			path = Interactor;
			sourceTree = "<group>";
		};
		383412DD222558780088F118 /* Router */ = {
			isa = PBXGroup;
			children = (
				383412EE22257F510088F118 /* MovieListRouter.swift */,
			);
			path = Router;
			sourceTree = "<group>";
		};
		383412DE22255B2F0088F118 /* View */ = {
			isa = PBXGroup;
			children = (
				38CA9AC5222958EB004EEFDC /* MovieDetailView.swift */,
			);
			path = View;
			sourceTree = "<group>";
		};
		383412DF22255B350088F118 /* Interactor */ = {
			isa = PBXGroup;
			children = (
				38CA9ACE22296B97004EEFDC /* MovieDetailInteractor.swift */,
			);
			path = Interactor;
			sourceTree = "<group>";
		};
		383412E022255B4F0088F118 /* Presenter */ = {
			isa = PBXGroup;
			children = (
				38CA9ACC22296B7E004EEFDC /* MovieDetailPresenter.swift */,
			);
			path = Presenter;
			sourceTree = "<group>";
		};
		383412E122255B5D0088F118 /* Entity */ = {
			isa = PBXGroup;
			children = (
				38CA9ACA22296B6A004EEFDC /* MovieDetail.swift */,
			);
			path = Entity;
			sourceTree = "<group>";
		};
		383412E222255B6A0088F118 /* Router */ = {
			isa = PBXGroup;
			children = (
				38CA9AD022296BCB004EEFDC /* MovieDetailRouter.swift */,
			);
			path = Router;
			sourceTree = "<group>";
		};
		383412E722256AE80088F118 /* Protocols */ = {
			isa = PBXGroup;
			children = (
				383412E822256B110088F118 /* MovieListProtocols.swift */,
			);
			path = Protocols;
			sourceTree = "<group>";
		};
		3868339E222C064900B6C8A4 /* Database */ = {
			isa = PBXGroup;
			children = (
				3868339F222C066200B6C8A4 /* DBServiceManager.swift */,
			);
			path = Database;
			sourceTree = "<group>";
		};
		386833A1222C21A100B6C8A4 /* MovieFavorite */ = {
			isa = PBXGroup;
			children = (
				386833A9222C22C700B6C8A4 /* Protocols */,
				386833A5222C227B00B6C8A4 /* Router */,
				386833A4222C226400B6C8A4 /* Presenter */,
				386833A3222C21BE00B6C8A4 /* Interactor */,
				386833A2222C21B900B6C8A4 /* View */,
			);
			path = MovieFavorite;
			sourceTree = "<group>";
		};
		386833A2222C21B900B6C8A4 /* View */ = {
			isa = PBXGroup;
			children = (
				386833A7222C22B700B6C8A4 /* MovieFavoriteView.swift */,
			);
			path = View;
			sourceTree = "<group>";
		};
		386833A3222C21BE00B6C8A4 /* Interactor */ = {
			isa = PBXGroup;
			children = (
				386833B0222C26D300B6C8A4 /* MovieFavoriteInteractor.swift */,
			);
			path = Interactor;
			sourceTree = "<group>";
		};
		386833A4222C226400B6C8A4 /* Presenter */ = {
			isa = PBXGroup;
			children = (
				386833AE222C267C00B6C8A4 /* MovieFavoritePresenter.swift */,
			);
			path = Presenter;
			sourceTree = "<group>";
		};
		386833A5222C227B00B6C8A4 /* Router */ = {
			isa = PBXGroup;
			children = (
				386833AC222C25B600B6C8A4 /* MovieFavoriteRouter.swift */,
			);
			path = Router;
			sourceTree = "<group>";
		};
		386833A9222C22C700B6C8A4 /* Protocols */ = {
			isa = PBXGroup;
			children = (
				386833AA222C22E000B6C8A4 /* MovieFavoriteProtocol.swift */,
			);
			path = Protocols;
			sourceTree = "<group>";
		};
		38CA9AC922296B18004EEFDC /* Protocols */ = {
			isa = PBXGroup;
			children = (
				38CA9AC722296B10004EEFDC /* MovieDetailProtocols.swift */,
			);
			path = Protocols;
			sourceTree = "<group>";
		};
		38D59ED5222B089D002F5848 /* MovieSearch */ = {
			isa = PBXGroup;
			children = (
				38D59EE2222B1A0C002F5848 /* Protocols */,
				38D59ED6222B08A7002F5848 /* View */,
				38D59ED7222B08B5002F5848 /* Interactor */,
				38D59EDB222B0907002F5848 /* Presenter */,
				38D59EDD222B091D002F5848 /* Router */,
			);
			path = MovieSearch;
			sourceTree = "<group>";
		};
		38D59ED6222B08A7002F5848 /* View */ = {
			isa = PBXGroup;
			children = (
				38D59ED8222B08E0002F5848 /* MovieSearchView.swift */,
			);
			path = View;
			sourceTree = "<group>";
		};
		38D59ED7222B08B5002F5848 /* Interactor */ = {
			isa = PBXGroup;
			children = (
				38D59EDE222B18F4002F5848 /* MovieSearchInteractor.swift */,
			);
			path = Interactor;
			sourceTree = "<group>";
		};
		38D59EDB222B0907002F5848 /* Presenter */ = {
			isa = PBXGroup;
			children = (
				38D59EE0222B190D002F5848 /* MovieSearchPresenter.swift */,
			);
			path = Presenter;
			sourceTree = "<group>";
		};
		38D59EDD222B091D002F5848 /* Router */ = {
			isa = PBXGroup;
			children = (
				38D59EE5222B234D002F5848 /* MovieSearchRouter.swift */,
			);
			path = Router;
			sourceTree = "<group>";
		};
		38D59EE2222B1A0C002F5848 /* Protocols */ = {
			isa = PBXGroup;
			children = (
				38D59EE3222B1A2B002F5848 /* MovieSearchProtocols.swift */,
			);
			path = Protocols;
			sourceTree = "<group>";
		};
/* End PBXGroup section */

/* Begin PBXNativeTarget section */
		383412A122253F5F0088F118 /* MovieBuzz */ = {
			isa = PBXNativeTarget;
			buildConfigurationList = 383412CD22253F600088F118 /* Build configuration list for PBXNativeTarget "MovieBuzz" */;
			buildPhases = (
				3834129E22253F5F0088F118 /* Sources */,
				3834129F22253F5F0088F118 /* Frameworks */,
				383412A022253F5F0088F118 /* Resources */,
			);
			buildRules = (
			);
			dependencies = (
			);
			name = MovieBuzz;
			productName = MovieBuzz;
			productReference = 383412A222253F5F0088F118 /* MovieBuzz.app */;
			productType = "com.apple.product-type.application";
		};
		383412B822253F600088F118 /* MovieBuzzTests */ = {
			isa = PBXNativeTarget;
			buildConfigurationList = 383412D022253F600088F118 /* Build configuration list for PBXNativeTarget "MovieBuzzTests" */;
			buildPhases = (
				383412B522253F600088F118 /* Sources */,
				383412B622253F600088F118 /* Frameworks */,
				383412B722253F600088F118 /* Resources */,
			);
			buildRules = (
			);
			dependencies = (
				383412BB22253F600088F118 /* PBXTargetDependency */,
			);
			name = MovieBuzzTests;
			productName = MovieBuzzTests;
			productReference = 383412B922253F600088F118 /* MovieBuzzTests.xctest */;
			productType = "com.apple.product-type.bundle.unit-test";
		};
		383412C322253F600088F118 /* MovieBuzzUITests */ = {
			isa = PBXNativeTarget;
			buildConfigurationList = 383412D322253F600088F118 /* Build configuration list for PBXNativeTarget "MovieBuzzUITests" */;
			buildPhases = (
				383412C022253F600088F118 /* Sources */,
				383412C122253F600088F118 /* Frameworks */,
				383412C222253F600088F118 /* Resources */,
			);
			buildRules = (
			);
			dependencies = (
				383412C622253F600088F118 /* PBXTargetDependency */,
			);
			name = MovieBuzzUITests;
			productName = MovieBuzzUITests;
			productReference = 383412C422253F600088F118 /* MovieBuzzUITests.xctest */;
			productType = "com.apple.product-type.bundle.ui-testing";
		};
/* End PBXNativeTarget section */

/* Begin PBXProject section */
		3834129A22253F5F0088F118 /* Project object */ = {
			isa = PBXProject;
			attributes = {
				LastSwiftUpdateCheck = 1010;
				LastUpgradeCheck = 1010;
				ORGANIZATIONNAME = "Akanksha Sharma";
				TargetAttributes = {
					383412A122253F5F0088F118 = {
						CreatedOnToolsVersion = 10.1;
					};
					383412B822253F600088F118 = {
						CreatedOnToolsVersion = 10.1;
						TestTargetID = 383412A122253F5F0088F118;
					};
					383412C322253F600088F118 = {
						CreatedOnToolsVersion = 10.1;
						TestTargetID = 383412A122253F5F0088F118;
					};
				};
			};
			buildConfigurationList = 3834129D22253F5F0088F118 /* Build configuration list for PBXProject "MovieBuzz" */;
			compatibilityVersion = "Xcode 9.3";
			developmentRegion = en;
			hasScannedForEncodings = 0;
			knownRegions = (
				en,
				Base,
			);
			mainGroup = 3834129922253F5F0088F118;
			productRefGroup = 383412A322253F5F0088F118 /* Products */;
			projectDirPath = "";
			projectRoot = "";
			targets = (
				383412A122253F5F0088F118 /* MovieBuzz */,
				383412B822253F600088F118 /* MovieBuzzTests */,
				383412C322253F600088F118 /* MovieBuzzUITests */,
			);
		};
/* End PBXProject section */

/* Begin PBXResourcesBuildPhase section */
		383412A022253F5F0088F118 /* Resources */ = {
			isa = PBXResourcesBuildPhase;
			buildActionMask = 2147483647;
			files = (
				383412B322253F600088F118 /* LaunchScreen.storyboard in Resources */,
				383412B022253F600088F118 /* Assets.xcassets in Resources */,
				383412AB22253F5F0088F118 /* Main.storyboard in Resources */,
			);
			runOnlyForDeploymentPostprocessing = 0;
		};
		383412B722253F600088F118 /* Resources */ = {
			isa = PBXResourcesBuildPhase;
			buildActionMask = 2147483647;
			files = (
			);
			runOnlyForDeploymentPostprocessing = 0;
		};
		383412C222253F600088F118 /* Resources */ = {
			isa = PBXResourcesBuildPhase;
			buildActionMask = 2147483647;
			files = (
			);
			runOnlyForDeploymentPostprocessing = 0;
		};
/* End PBXResourcesBuildPhase section */

/* Begin PBXSourcesBuildPhase section */
		3834129E22253F5F0088F118 /* Sources */ = {
			isa = PBXSourcesBuildPhase;
			buildActionMask = 2147483647;
			files = (
				383412A822253F5F0088F118 /* ViewController.swift in Sources */,
				38CA9ACB22296B6A004EEFDC /* MovieDetail.swift in Sources */,
				38CA9AD122296BCB004EEFDC /* MovieDetailRouter.swift in Sources */,
				386833AD222C25B600B6C8A4 /* MovieFavoriteRouter.swift in Sources */,
				38D59ED9222B08E0002F5848 /* MovieSearchView.swift in Sources */,
				386833AF222C267C00B6C8A4 /* MovieFavoritePresenter.swift in Sources */,
				382058342226A389007CF57F /* Constants.swift in Sources */,
				383412EB22257F2E0088F118 /* MovieListInteractor.swift in Sources */,
				38CA9AC822296B10004EEFDC /* MovieDetailProtocols.swift in Sources */,
				38D59EE6222B234D002F5848 /* MovieSearchRouter.swift in Sources */,
				383412E422255BB60088F118 /* MovieListView.swift in Sources */,
				38CA9ACF22296B97004EEFDC /* MovieDetailInteractor.swift in Sources */,
				383412A622253F5F0088F118 /* AppDelegate.swift in Sources */,
				383412EF22257F510088F118 /* MovieListRouter.swift in Sources */,
				38CA9AC6222958EB004EEFDC /* MovieDetailView.swift in Sources */,
				386833A8222C22B700B6C8A4 /* MovieFavoriteView.swift in Sources */,
				38D59EDF222B18F4002F5848 /* MovieSearchInteractor.swift in Sources */,
				38CA9ACD22296B7E004EEFDC /* MovieDetailPresenter.swift in Sources */,
				38D59EE4222B1A2B002F5848 /* MovieSearchProtocols.swift in Sources */,
				383412AE22253F5F0088F118 /* MovieBuzz.xcdatamodeld in Sources */,
				3820583122269144007CF57F /* NetworkServiceManager.swift in Sources */,
				383412E922256B110088F118 /* MovieListProtocols.swift in Sources */,
				383412E6222560310088F118 /* Movie.swift in Sources */,
				383412ED22257F3C0088F118 /* MovieListPresenter.swift in Sources */,
				386833AB222C22E000B6C8A4 /* MovieFavoriteProtocol.swift in Sources */,
				38D59EE1222B190D002F5848 /* MovieSearchPresenter.swift in Sources */,
				386833A0222C066200B6C8A4 /* DBServiceManager.swift in Sources */,
				386833B1222C26D300B6C8A4 /* MovieFavoriteInteractor.swift in Sources */,
			);
			runOnlyForDeploymentPostprocessing = 0;
		};
		383412B522253F600088F118 /* Sources */ = {
			isa = PBXSourcesBuildPhase;
			buildActionMask = 2147483647;
			files = (
				383412BE22253F600088F118 /* MovieBuzzTests.swift in Sources */,
			);
			runOnlyForDeploymentPostprocessing = 0;
		};
		383412C022253F600088F118 /* Sources */ = {
			isa = PBXSourcesBuildPhase;
			buildActionMask = 2147483647;
			files = (
				383412C922253F600088F118 /* MovieBuzzUITests.swift in Sources */,
			);
			runOnlyForDeploymentPostprocessing = 0;
		};
/* End PBXSourcesBuildPhase section */

/* Begin PBXTargetDependency section */
		383412BB22253F600088F118 /* PBXTargetDependency */ = {
			isa = PBXTargetDependency;
			target = 383412A122253F5F0088F118 /* MovieBuzz */;
			targetProxy = 383412BA22253F600088F118 /* PBXContainerItemProxy */;
		};
		383412C622253F600088F118 /* PBXTargetDependency */ = {
			isa = PBXTargetDependency;
			target = 383412A122253F5F0088F118 /* MovieBuzz */;
			targetProxy = 383412C522253F600088F118 /* PBXContainerItemProxy */;
		};
/* End PBXTargetDependency section */

/* Begin PBXVariantGroup section */
		383412A922253F5F0088F118 /* Main.storyboard */ = {
			isa = PBXVariantGroup;
			children = (
				383412AA22253F5F0088F118 /* Base */,
			);
			name = Main.storyboard;
			sourceTree = "<group>";
		};
		383412B122253F600088F118 /* LaunchScreen.storyboard */ = {
			isa = PBXVariantGroup;
			children = (
				383412B222253F600088F118 /* Base */,
			);
			name = LaunchScreen.storyboard;
			sourceTree = "<group>";
		};
/* End PBXVariantGroup section */

/* Begin XCBuildConfiguration section */
		383412CB22253F600088F118 /* Debug */ = {
			isa = XCBuildConfiguration;
			buildSettings = {
				ALWAYS_SEARCH_USER_PATHS = NO;
				CLANG_ANALYZER_NONNULL = YES;
				CLANG_ANALYZER_NUMBER_OBJECT_CONVERSION = YES_AGGRESSIVE;
				CLANG_CXX_LANGUAGE_STANDARD = "gnu++14";
				CLANG_CXX_LIBRARY = "libc++";
				CLANG_ENABLE_MODULES = YES;
				CLANG_ENABLE_OBJC_ARC = YES;
				CLANG_ENABLE_OBJC_WEAK = YES;
				CLANG_WARN_BLOCK_CAPTURE_AUTORELEASING = YES;
				CLANG_WARN_BOOL_CONVERSION = YES;
				CLANG_WARN_COMMA = YES;
				CLANG_WARN_CONSTANT_CONVERSION = YES;
				CLANG_WARN_DEPRECATED_OBJC_IMPLEMENTATIONS = YES;
				CLANG_WARN_DIRECT_OBJC_ISA_USAGE = YES_ERROR;
				CLANG_WARN_DOCUMENTATION_COMMENTS = YES;
				CLANG_WARN_EMPTY_BODY = YES;
				CLANG_WARN_ENUM_CONVERSION = YES;
				CLANG_WARN_INFINITE_RECURSION = YES;
				CLANG_WARN_INT_CONVERSION = YES;
				CLANG_WARN_NON_LITERAL_NULL_CONVERSION = YES;
				CLANG_WARN_OBJC_IMPLICIT_RETAIN_SELF = YES;
				CLANG_WARN_OBJC_LITERAL_CONVERSION = YES;
				CLANG_WARN_OBJC_ROOT_CLASS = YES_ERROR;
				CLANG_WARN_RANGE_LOOP_ANALYSIS = YES;
				CLANG_WARN_STRICT_PROTOTYPES = YES;
				CLANG_WARN_SUSPICIOUS_MOVE = YES;
				CLANG_WARN_UNGUARDED_AVAILABILITY = YES_AGGRESSIVE;
				CLANG_WARN_UNREACHABLE_CODE = YES;
				CLANG_WARN__DUPLICATE_METHOD_MATCH = YES;
				CODE_SIGN_IDENTITY = "iPhone Developer";
				COPY_PHASE_STRIP = NO;
				DEBUG_INFORMATION_FORMAT = dwarf;
				ENABLE_STRICT_OBJC_MSGSEND = YES;
				ENABLE_TESTABILITY = YES;
				GCC_C_LANGUAGE_STANDARD = gnu11;
				GCC_DYNAMIC_NO_PIC = NO;
				GCC_NO_COMMON_BLOCKS = YES;
				GCC_OPTIMIZATION_LEVEL = 0;
				GCC_PREPROCESSOR_DEFINITIONS = (
					"DEBUG=1",
					"$(inherited)",
				);
				GCC_WARN_64_TO_32_BIT_CONVERSION = YES;
				GCC_WARN_ABOUT_RETURN_TYPE = YES_ERROR;
				GCC_WARN_UNDECLARED_SELECTOR = YES;
				GCC_WARN_UNINITIALIZED_AUTOS = YES_AGGRESSIVE;
				GCC_WARN_UNUSED_FUNCTION = YES;
				GCC_WARN_UNUSED_VARIABLE = YES;
				IPHONEOS_DEPLOYMENT_TARGET = 12.1;
				MTL_ENABLE_DEBUG_INFO = INCLUDE_SOURCE;
				MTL_FAST_MATH = YES;
				ONLY_ACTIVE_ARCH = YES;
				SDKROOT = iphoneos;
				SWIFT_ACTIVE_COMPILATION_CONDITIONS = DEBUG;
				SWIFT_OPTIMIZATION_LEVEL = "-Onone";
			};
			name = Debug;
		};
		383412CC22253F600088F118 /* Release */ = {
			isa = XCBuildConfiguration;
			buildSettings = {
				ALWAYS_SEARCH_USER_PATHS = NO;
				CLANG_ANALYZER_NONNULL = YES;
				CLANG_ANALYZER_NUMBER_OBJECT_CONVERSION = YES_AGGRESSIVE;
				CLANG_CXX_LANGUAGE_STANDARD = "gnu++14";
				CLANG_CXX_LIBRARY = "libc++";
				CLANG_ENABLE_MODULES = YES;
				CLANG_ENABLE_OBJC_ARC = YES;
				CLANG_ENABLE_OBJC_WEAK = YES;
				CLANG_WARN_BLOCK_CAPTURE_AUTORELEASING = YES;
				CLANG_WARN_BOOL_CONVERSION = YES;
				CLANG_WARN_COMMA = YES;
				CLANG_WARN_CONSTANT_CONVERSION = YES;
				CLANG_WARN_DEPRECATED_OBJC_IMPLEMENTATIONS = YES;
				CLANG_WARN_DIRECT_OBJC_ISA_USAGE = YES_ERROR;
				CLANG_WARN_DOCUMENTATION_COMMENTS = YES;
				CLANG_WARN_EMPTY_BODY = YES;
				CLANG_WARN_ENUM_CONVERSION = YES;
				CLANG_WARN_INFINITE_RECURSION = YES;
				CLANG_WARN_INT_CONVERSION = YES;
				CLANG_WARN_NON_LITERAL_NULL_CONVERSION = YES;
				CLANG_WARN_OBJC_IMPLICIT_RETAIN_SELF = YES;
				CLANG_WARN_OBJC_LITERAL_CONVERSION = YES;
				CLANG_WARN_OBJC_ROOT_CLASS = YES_ERROR;
				CLANG_WARN_RANGE_LOOP_ANALYSIS = YES;
				CLANG_WARN_STRICT_PROTOTYPES = YES;
				CLANG_WARN_SUSPICIOUS_MOVE = YES;
				CLANG_WARN_UNGUARDED_AVAILABILITY = YES_AGGRESSIVE;
				CLANG_WARN_UNREACHABLE_CODE = YES;
				CLANG_WARN__DUPLICATE_METHOD_MATCH = YES;
				CODE_SIGN_IDENTITY = "iPhone Developer";
				COPY_PHASE_STRIP = NO;
				DEBUG_INFORMATION_FORMAT = "dwarf-with-dsym";
				ENABLE_NS_ASSERTIONS = NO;
				ENABLE_STRICT_OBJC_MSGSEND = YES;
				GCC_C_LANGUAGE_STANDARD = gnu11;
				GCC_NO_COMMON_BLOCKS = YES;
				GCC_WARN_64_TO_32_BIT_CONVERSION = YES;
				GCC_WARN_ABOUT_RETURN_TYPE = YES_ERROR;
				GCC_WARN_UNDECLARED_SELECTOR = YES;
				GCC_WARN_UNINITIALIZED_AUTOS = YES_AGGRESSIVE;
				GCC_WARN_UNUSED_FUNCTION = YES;
				GCC_WARN_UNUSED_VARIABLE = YES;
				IPHONEOS_DEPLOYMENT_TARGET = 12.1;
				MTL_ENABLE_DEBUG_INFO = NO;
				MTL_FAST_MATH = YES;
				SDKROOT = iphoneos;
				SWIFT_COMPILATION_MODE = wholemodule;
				SWIFT_OPTIMIZATION_LEVEL = "-O";
				VALIDATE_PRODUCT = YES;
			};
			name = Release;
		};
		383412CE22253F600088F118 /* Debug */ = {
			isa = XCBuildConfiguration;
			buildSettings = {
				ASSETCATALOG_COMPILER_APPICON_NAME = AppIcon;
				CODE_SIGN_STYLE = Automatic;
				DEVELOPMENT_TEAM = H5N8298J92;
				INFOPLIST_FILE = MovieBuzz/Info.plist;
				LD_RUNPATH_SEARCH_PATHS = (
					"$(inherited)",
					"@executable_path/Frameworks",
				);
				PRODUCT_BUNDLE_IDENTIFIER = akanksha.MovieBuzz;
				PRODUCT_NAME = "$(TARGET_NAME)";
				SWIFT_VERSION = 4.2;
				TARGETED_DEVICE_FAMILY = "1,2";
			};
			name = Debug;
		};
		383412CF22253F600088F118 /* Release */ = {
			isa = XCBuildConfiguration;
			buildSettings = {
				ASSETCATALOG_COMPILER_APPICON_NAME = AppIcon;
				CODE_SIGN_STYLE = Automatic;
				DEVELOPMENT_TEAM = H5N8298J92;
				INFOPLIST_FILE = MovieBuzz/Info.plist;
				LD_RUNPATH_SEARCH_PATHS = (
					"$(inherited)",
					"@executable_path/Frameworks",
				);
				PRODUCT_BUNDLE_IDENTIFIER = akanksha.MovieBuzz;
				PRODUCT_NAME = "$(TARGET_NAME)";
				SWIFT_VERSION = 4.2;
				TARGETED_DEVICE_FAMILY = "1,2";
			};
			name = Release;
		};
		383412D122253F600088F118 /* Debug */ = {
			isa = XCBuildConfiguration;
			buildSettings = {
				ALWAYS_EMBED_SWIFT_STANDARD_LIBRARIES = YES;
				BUNDLE_LOADER = "$(TEST_HOST)";
				CODE_SIGN_STYLE = Automatic;
				INFOPLIST_FILE = MovieBuzzTests/Info.plist;
				LD_RUNPATH_SEARCH_PATHS = (
					"$(inherited)",
					"@executable_path/Frameworks",
					"@loader_path/Frameworks",
				);
				PRODUCT_BUNDLE_IDENTIFIER = akanksha.MovieBuzzTests;
				PRODUCT_NAME = "$(TARGET_NAME)";
				SWIFT_VERSION = 4.2;
				TARGETED_DEVICE_FAMILY = "1,2";
				TEST_HOST = "$(BUILT_PRODUCTS_DIR)/MovieBuzz.app/MovieBuzz";
			};
			name = Debug;
		};
		383412D222253F600088F118 /* Release */ = {
			isa = XCBuildConfiguration;
			buildSettings = {
				ALWAYS_EMBED_SWIFT_STANDARD_LIBRARIES = YES;
				BUNDLE_LOADER = "$(TEST_HOST)";
				CODE_SIGN_STYLE = Automatic;
				INFOPLIST_FILE = MovieBuzzTests/Info.plist;
				LD_RUNPATH_SEARCH_PATHS = (
					"$(inherited)",
					"@executable_path/Frameworks",
					"@loader_path/Frameworks",
				);
				PRODUCT_BUNDLE_IDENTIFIER = akanksha.MovieBuzzTests;
				PRODUCT_NAME = "$(TARGET_NAME)";
				SWIFT_VERSION = 4.2;
				TARGETED_DEVICE_FAMILY = "1,2";
				TEST_HOST = "$(BUILT_PRODUCTS_DIR)/MovieBuzz.app/MovieBuzz";
			};
			name = Release;
		};
		383412D422253F600088F118 /* Debug */ = {
			isa = XCBuildConfiguration;
			buildSettings = {
				ALWAYS_EMBED_SWIFT_STANDARD_LIBRARIES = YES;
				CODE_SIGN_STYLE = Automatic;
				INFOPLIST_FILE = MovieBuzzUITests/Info.plist;
				LD_RUNPATH_SEARCH_PATHS = (
					"$(inherited)",
					"@executable_path/Frameworks",
					"@loader_path/Frameworks",
				);
				PRODUCT_BUNDLE_IDENTIFIER = akanksha.MovieBuzzUITests;
				PRODUCT_NAME = "$(TARGET_NAME)";
				SWIFT_VERSION = 4.2;
				TARGETED_DEVICE_FAMILY = "1,2";
				TEST_TARGET_NAME = MovieBuzz;
			};
			name = Debug;
		};
		383412D522253F600088F118 /* Release */ = {
			isa = XCBuildConfiguration;
			buildSettings = {
				ALWAYS_EMBED_SWIFT_STANDARD_LIBRARIES = YES;
				CODE_SIGN_STYLE = Automatic;
				INFOPLIST_FILE = MovieBuzzUITests/Info.plist;
				LD_RUNPATH_SEARCH_PATHS = (
					"$(inherited)",
					"@executable_path/Frameworks",
					"@loader_path/Frameworks",
				);
				PRODUCT_BUNDLE_IDENTIFIER = akanksha.MovieBuzzUITests;
				PRODUCT_NAME = "$(TARGET_NAME)";
				SWIFT_VERSION = 4.2;
				TARGETED_DEVICE_FAMILY = "1,2";
				TEST_TARGET_NAME = MovieBuzz;
			};
			name = Release;
		};
/* End XCBuildConfiguration section */

/* Begin XCConfigurationList section */
		3834129D22253F5F0088F118 /* Build configuration list for PBXProject "MovieBuzz" */ = {
			isa = XCConfigurationList;
			buildConfigurations = (
				383412CB22253F600088F118 /* Debug */,
				383412CC22253F600088F118 /* Release */,
			);
			defaultConfigurationIsVisible = 0;
			defaultConfigurationName = Release;
		};
		383412CD22253F600088F118 /* Build configuration list for PBXNativeTarget "MovieBuzz" */ = {
			isa = XCConfigurationList;
			buildConfigurations = (
				383412CE22253F600088F118 /* Debug */,
				383412CF22253F600088F118 /* Release */,
			);
			defaultConfigurationIsVisible = 0;
			defaultConfigurationName = Release;
		};
		383412D022253F600088F118 /* Build configuration list for PBXNativeTarget "MovieBuzzTests" */ = {
			isa = XCConfigurationList;
			buildConfigurations = (
				383412D122253F600088F118 /* Debug */,
				383412D222253F600088F118 /* Release */,
			);
			defaultConfigurationIsVisible = 0;
			defaultConfigurationName = Release;
		};
		383412D322253F600088F118 /* Build configuration list for PBXNativeTarget "MovieBuzzUITests" */ = {
			isa = XCConfigurationList;
			buildConfigurations = (
				383412D422253F600088F118 /* Debug */,
				383412D522253F600088F118 /* Release */,
			);
			defaultConfigurationIsVisible = 0;
			defaultConfigurationName = Release;
		};
/* End XCConfigurationList section */

/* Begin XCVersionGroup section */
		383412AC22253F5F0088F118 /* MovieBuzz.xcdatamodeld */ = {
			isa = XCVersionGroup;
			children = (
				383412AD22253F5F0088F118 /* MovieBuzz.xcdatamodel */,
			);
			currentVersion = 383412AD22253F5F0088F118 /* MovieBuzz.xcdatamodel */;
			path = MovieBuzz.xcdatamodeld;
			sourceTree = "<group>";
			versionGroupType = wrapper.xcdatamodel;
		};
/* End XCVersionGroup section */
	};
	rootObject = 3834129A22253F5F0088F118 /* Project object */;
}
